// !$*UTF8*$!
{
	archiveVersion = 1;
	classes = {
	};
	objectVersion = 55;
	objects = {

/* Begin PBXBuildFile section */
		D72711AE27BFCA6400BAF164 /* AppDelegate.swift in Sources */ = {isa = PBXBuildFile; fileRef = D72711AD27BFCA6400BAF164 /* AppDelegate.swift */; };
		D72711B027BFCA6400BAF164 /* SceneDelegate.swift in Sources */ = {isa = PBXBuildFile; fileRef = D72711AF27BFCA6400BAF164 /* SceneDelegate.swift */; };
		D72711B227BFCA6400BAF164 /* ViewController.swift in Sources */ = {isa = PBXBuildFile; fileRef = D72711B127BFCA6400BAF164 /* ViewController.swift */; };
		D72711B527BFCA6400BAF164 /* Main.storyboard in Resources */ = {isa = PBXBuildFile; fileRef = D72711B327BFCA6400BAF164 /* Main.storyboard */; };
		D72711B727BFCA6500BAF164 /* Assets.xcassets in Resources */ = {isa = PBXBuildFile; fileRef = D72711B627BFCA6500BAF164 /* Assets.xcassets */; };
		D72711BA27BFCA6500BAF164 /* LaunchScreen.storyboard in Resources */ = {isa = PBXBuildFile; fileRef = D72711B827BFCA6500BAF164 /* LaunchScreen.storyboard */; };
		D72711C227BFCC1300BAF164 /* SimpleTableViewCell.swift in Sources */ = {isa = PBXBuildFile; fileRef = D72711C127BFCC1300BAF164 /* SimpleTableViewCell.swift */; };
		D72711C527BFCE6C00BAF164 /* ImageTableViewCell.swift in Sources */ = {isa = PBXBuildFile; fileRef = D72711C327BFCE6C00BAF164 /* ImageTableViewCell.swift */; };
		D72711C627BFCE6C00BAF164 /* ImageTableViewCell.xib in Resources */ = {isa = PBXBuildFile; fileRef = D72711C427BFCE6C00BAF164 /* ImageTableViewCell.xib */; };
/* End PBXBuildFile section */

/* Begin PBXFileReference section */
		D72711AA27BFCA6400BAF164 /* MultipleCustomCells.app */ = {isa = PBXFileReference; explicitFileType = wrapper.application; includeInIndex = 0; path = MultipleCustomCells.app; sourceTree = BUILT_PRODUCTS_DIR; };
		D72711AD27BFCA6400BAF164 /* AppDelegate.swift */ = {isa = PBXFileReference; lastKnownFileType = sourcecode.swift; path = AppDelegate.swift; sourceTree = "<group>"; };
		D72711AF27BFCA6400BAF164 /* SceneDelegate.swift */ = {isa = PBXFileReference; lastKnownFileType = sourcecode.swift; path = SceneDelegate.swift; sourceTree = "<group>"; };
		D72711B127BFCA6400BAF164 /* ViewController.swift */ = {isa = PBXFileReference; lastKnownFileType = sourcecode.swift; path = ViewController.swift; sourceTree = "<group>"; };
		D72711B427BFCA6400BAF164 /* Base */ = {isa = PBXFileReference; lastKnownFileType = file.storyboard; name = Base; path = Base.lproj/Main.storyboard; sourceTree = "<group>"; };
		D72711B627BFCA6500BAF164 /* Assets.xcassets */ = {isa = PBXFileReference; lastKnownFileType = folder.assetcatalog; path = Assets.xcassets; sourceTree = "<group>"; };
		D72711B927BFCA6500BAF164 /* Base */ = {isa = PBXFileReference; lastKnownFileType = file.storyboard; name = Base; path = Base.lproj/LaunchScreen.storyboard; sourceTree = "<group>"; };
		D72711BB27BFCA6500BAF164 /* Info.plist */ = {isa = PBXFileReference; lastKnownFileType = text.plist.xml; path = Info.plist; sourceTree = "<group>"; };
		D72711C127BFCC1300BAF164 /* SimpleTableViewCell.swift */ = {isa = PBXFileReference; lastKnownFileType = sourcecode.swift; path = SimpleTableViewCell.swift; sourceTree = "<group>"; };
		D72711C327BFCE6C00BAF164 /* ImageTableViewCell.swift */ = {isa = PBXFileReference; lastKnownFileType = sourcecode.swift; path = ImageTableViewCell.swift; sourceTree = "<group>"; };
		D72711C427BFCE6C00BAF164 /* ImageTableViewCell.xib */ = {isa = PBXFileReference; lastKnownFileType = file.xib; path = ImageTableViewCell.xib; sourceTree = "<group>"; };
/* End PBXFileReference section */

/* Begin PBXFrameworksBuildPhase section */
		D72711A727BFCA6400BAF164 /* Frameworks */ = {
			isa = PBXFrameworksBuildPhase;
			buildActionMask = 2147483647;
			files = (
			);
			runOnlyForDeploymentPostprocessing = 0;
		};
/* End PBXFrameworksBuildPhase section */

/* Begin PBXGroup section */
		D72711A127BFCA6400BAF164 = {
			isa = PBXGroup;
			children = (
				D72711AC27BFCA6400BAF164 /* MultipleCustomCells */,
				D72711AB27BFCA6400BAF164 /* Products */,
			);
			sourceTree = "<group>";
		};
		D72711AB27BFCA6400BAF164 /* Products */ = {
			isa = PBXGroup;
			children = (
				D72711AA27BFCA6400BAF164 /* MultipleCustomCells.app */,
			);
			name = Products;
			sourceTree = "<group>";
		};
		D72711AC27BFCA6400BAF164 /* MultipleCustomCells */ = {
			isa = PBXGroup;
			children = (
				D72711AD27BFCA6400BAF164 /* AppDelegate.swift */,
				D72711AF27BFCA6400BAF164 /* SceneDelegate.swift */,
				D72711B127BFCA6400BAF164 /* ViewController.swift */,
				D72711C127BFCC1300BAF164 /* SimpleTableViewCell.swift */,
				D72711B327BFCA6400BAF164 /* Main.storyboard */,
				D72711B627BFCA6500BAF164 /* Assets.xcassets */,
				D72711B827BFCA6500BAF164 /* LaunchScreen.storyboard */,
				D72711BB27BFCA6500BAF164 /* Info.plist */,
				D72711C327BFCE6C00BAF164 /* ImageTableViewCell.swift */,
				D72711C427BFCE6C00BAF164 /* ImageTableViewCell.xib */,
			);
			path = MultipleCustomCells;
			sourceTree = "<group>";
		};
/* End PBXGroup section */

/* Begin PBXNativeTarget section */
		D72711A927BFCA6400BAF164 /* MultipleCustomCells */ = {
			isa = PBXNativeTarget;
			buildConfigurationList = D72711BE27BFCA6500BAF164 /* Build configuration list for PBXNativeTarget "MultipleCustomCells" */;
			buildPhases = (
				D72711A627BFCA6400BAF164 /* Sources */,
				D72711A727BFCA6400BAF164 /* Frameworks */,
				D72711A827BFCA6400BAF164 /* Resources */,
			);
			buildRules = (
			);
			dependencies = (
			);
			name = MultipleCustomCells;
			productName = MultipleCustomCells;
			productReference = D72711AA27BFCA6400BAF164 /* MultipleCustomCells.app */;
			productType = "com.apple.product-type.application";
		};
/* End PBXNativeTarget section */

/* Begin PBXProject section */
		D72711A227BFCA6400BAF164 /* Project object */ = {
			isa = PBXProject;
			attributes = {
				BuildIndependentTargetsInParallel = 1;
				LastSwiftUpdateCheck = 1320;
				LastUpgradeCheck = 1320;
				TargetAttributes = {
					D72711A927BFCA6400BAF164 = {
						CreatedOnToolsVersion = 13.2.1;
					};
				};
			};
			buildConfigurationList = D72711A527BFCA6400BAF164 /* Build configuration list for PBXProject "MultipleCustomCells" */;
			compatibilityVersion = "Xcode 13.0";
			developmentRegion = en;
			hasScannedForEncodings = 0;
			knownRegions = (
				en,
				Base,
			);
			mainGroup = D72711A127BFCA6400BAF164;
			productRefGroup = D72711AB27BFCA6400BAF164 /* Products */;
			projectDirPath = "";
			projectRoot = "";
			targets = (
				D72711A927BFCA6400BAF164 /* MultipleCustomCells */,
			);
		};
/* End PBXProject section */

/* Begin PBXResourcesBuildPhase section */
		D72711A827BFCA6400BAF164 /* Resources */ = {
			isa = PBXResourcesBuildPhase;
			buildActionMask = 2147483647;
			files = (
				D72711BA27BFCA6500BAF164 /* LaunchScreen.storyboard in Resources */,
				D72711C627BFCE6C00BAF164 /* ImageTableViewCell.xib in Resources */,
				D72711B727BFCA6500BAF164 /* Assets.xcassets in Resources */,
				D72711B527BFCA6400BAF164 /* Main.storyboard in Resources */,
			);
			runOnlyForDeploymentPostprocessing = 0;
		};
/* End PBXResourcesBuildPhase section */

/* Begin PBXSourcesBuildPhase section */
		D72711A627BFCA6400BAF164 /* Sources */ = {
			isa = PBXSourcesBuildPhase;
			buildActionMask = 2147483647;
			files = (
				D72711B227BFCA6400BAF164 /* ViewController.swift in Sources */,
				D72711C227BFCC1300BAF164 /* SimpleTableViewCell.swift in Sources */,
				D72711C527BFCE6C00BAF164 /* ImageTableViewCell.swift in Sources */,
				D72711AE27BFCA6400BAF164 /* AppDelegate.swift in Sources */,
				D72711B027BFCA6400BAF164 /* SceneDelegate.swift in Sources */,
			);
			runOnlyForDeploymentPostprocessing = 0;
		};
/* End PBXSourcesBuildPhase section */

/* Begin PBXVariantGroup section */
		D72711B327BFCA6400BAF164 /* Main.storyboard */ = {
			isa = PBXVariantGroup;
			children = (
				D72711B427BFCA6400BAF164 /* Base */,
			);
			name = Main.storyboard;
			sourceTree = "<group>";
		};
		D72711B827BFCA6500BAF164 /* LaunchScreen.storyboard */ = {
			isa = PBXVariantGroup;
			children = (
				D72711B927BFCA6500BAF164 /* Base */,
			);
			name = LaunchScreen.storyboard;
			sourceTree = "<group>";
		};
/* End PBXVariantGroup section */

/* Begin XCBuildConfiguration section */
		D72711BC27BFCA6500BAF164 /* Debug */ = {
			isa = XCBuildConfiguration;
			buildSettings = {
				ALWAYS_SEARCH_USER_PATHS = NO;
				CLANG_ANALYZER_NONNULL = YES;
				CLANG_ANALYZER_NUMBER_OBJECT_CONVERSION = YES_AGGRESSIVE;
				CLANG_CXX_LANGUAGE_STANDARD = "gnu++17";
				CLANG_CXX_LIBRARY = "libc++";
				CLANG_ENABLE_MODULES = YES;
				CLANG_ENABLE_OBJC_ARC = YES;
				CLANG_ENABLE_OBJC_WEAK = YES;
				CLANG_WARN_BLOCK_CAPTURE_AUTORELEASING = YES;
				CLANG_WARN_BOOL_CONVERSION = YES;
				CLANG_WARN_COMMA = YES;
				CLANG_WARN_CONSTANT_CONVERSION = YES;
				CLANG_WARN_DEPRECATED_OBJC_IMPLEMENTATIONS = YES;
				CLANG_WARN_DIRECT_OBJC_ISA_USAGE = YES_ERROR;
				CLANG_WARN_DOCUMENTATION_COMMENTS = YES;
				CLANG_WARN_EMPTY_BODY = YES;
				CLANG_WARN_ENUM_CONVERSION = YES;
				CLANG_WARN_INFINITE_RECURSION = YES;
				CLANG_WARN_INT_CONVERSION = YES;
				CLANG_WARN_NON_LITERAL_NULL_CONVERSION = YES;
				CLANG_WARN_OBJC_IMPLICIT_RETAIN_SELF = YES;
				CLANG_WARN_OBJC_LITERAL_CONVERSION = YES;
				CLANG_WARN_OBJC_ROOT_CLASS = YES_ERROR;
				CLANG_WARN_QUOTED_INCLUDE_IN_FRAMEWORK_HEADER = YES;
				CLANG_WARN_RANGE_LOOP_ANALYSIS = YES;
				CLANG_WARN_STRICT_PROTOTYPES = YES;
				CLANG_WARN_SUSPICIOUS_MOVE = YES;
				CLANG_WARN_UNGUARDED_AVAILABILITY = YES_AGGRESSIVE;
				CLANG_WARN_UNREACHABLE_CODE = YES;
				CLANG_WARN__DUPLICATE_METHOD_MATCH = YES;
				COPY_PHASE_STRIP = NO;
				DEBUG_INFORMATION_FORMAT = dwarf;
				ENABLE_STRICT_OBJC_MSGSEND = YES;
				ENABLE_TESTABILITY = YES;
				GCC_C_LANGUAGE_STANDARD = gnu11;
				GCC_DYNAMIC_NO_PIC = NO;
				GCC_NO_COMMON_BLOCKS = YES;
				GCC_OPTIMIZATION_LEVEL = 0;
				GCC_PREPROCESSOR_DEFINITIONS = (
					"DEBUG=1",
					"$(inherited)",
				);
				GCC_WARN_64_TO_32_BIT_CONVERSION = YES;
				GCC_WARN_ABOUT_RETURN_TYPE = YES_ERROR;
				GCC_WARN_UNDECLARED_SELECTOR = YES;
				GCC_WARN_UNINITIALIZED_AUTOS = YES_AGGRESSIVE;
				GCC_WARN_UNUSED_FUNCTION = YES;
				GCC_WARN_UNUSED_VARIABLE = YES;
				IPHONEOS_DEPLOYMENT_TARGET = 15.2;
				MTL_ENABLE_DEBUG_INFO = INCLUDE_SOURCE;
				MTL_FAST_MATH = YES;
				ONLY_ACTIVE_ARCH = YES;
				SDKROOT = iphoneos;
				SWIFT_ACTIVE_COMPILATION_CONDITIONS = DEBUG;
				SWIFT_OPTIMIZATION_LEVEL = "-Onone";
			};
			name = Debug;
		};
		D72711BD27BFCA6500BAF164 /* Release */ = {
			isa = XCBuildConfiguration;
			buildSettings = {
				ALWAYS_SEARCH_USER_PATHS = NO;
				CLANG_ANALYZER_NONNULL = YES;
				CLANG_ANALYZER_NUMBER_OBJECT_CONVERSION = YES_AGGRESSIVE;
				CLANG_CXX_LANGUAGE_STANDARD = "gnu++17";
				CLANG_CXX_LIBRARY = "libc++";
				CLANG_ENABLE_MODULES = YES;
				CLANG_ENABLE_OBJC_ARC = YES;
				CLANG_ENABLE_OBJC_WEAK = YES;
				CLANG_WARN_BLOCK_CAPTURE_AUTORELEASING = YES;
				CLANG_WARN_BOOL_CONVERSION = YES;
				CLANG_WARN_COMMA = YES;
				CLANG_WARN_CONSTANT_CONVERSION = YES;
				CLANG_WARN_DEPRECATED_OBJC_IMPLEMENTATIONS = YES;
				CLANG_WARN_DIRECT_OBJC_ISA_USAGE = YES_ERROR;
				CLANG_WARN_DOCUMENTATION_COMMENTS = YES;
				CLANG_WARN_EMPTY_BODY = YES;
				CLANG_WARN_ENUM_CONVERSION = YES;
				CLANG_WARN_INFINITE_RECURSION = YES;
				CLANG_WARN_INT_CONVERSION = YES;
				CLANG_WARN_NON_LITERAL_NULL_CONVERSION = YES;
				CLANG_WARN_OBJC_IMPLICIT_RETAIN_SELF = YES;
				CLANG_WARN_OBJC_LITERAL_CONVERSION = YES;
				CLANG_WARN_OBJC_ROOT_CLASS = YES_ERROR;
				CLANG_WARN_QUOTED_INCLUDE_IN_FRAMEWORK_HEADER = YES;
				CLANG_WARN_RANGE_LOOP_ANALYSIS = YES;
				CLANG_WARN_STRICT_PROTOTYPES = YES;
				CLANG_WARN_SUSPICIOUS_MOVE = YES;
				CLANG_WARN_UNGUARDED_AVAILABILITY = YES_AGGRESSIVE;
				CLANG_WARN_UNREACHABLE_CODE = YES;
				CLANG_WARN__DUPLICATE_METHOD_MATCH = YES;
				COPY_PHASE_STRIP = NO;
				DEBUG_INFORMATION_FORMAT = "dwarf-with-dsym";
				ENABLE_NS_ASSERTIONS = NO;
				ENABLE_STRICT_OBJC_MSGSEND = YES;
				GCC_C_LANGUAGE_STANDARD = gnu11;
				GCC_NO_COMMON_BLOCKS = YES;
				GCC_WARN_64_TO_32_BIT_CONVERSION = YES;
				GCC_WARN_ABOUT_RETURN_TYPE = YES_ERROR;
				GCC_WARN_UNDECLARED_SELECTOR = YES;
				GCC_WARN_UNINITIALIZED_AUTOS = YES_AGGRESSIVE;
				GCC_WARN_UNUSED_FUNCTION = YES;
				GCC_WARN_UNUSED_VARIABLE = YES;
				IPHONEOS_DEPLOYMENT_TARGET = 15.2;
				MTL_ENABLE_DEBUG_INFO = NO;
				MTL_FAST_MATH = YES;
				SDKROOT = iphoneos;
				SWIFT_COMPILATION_MODE = wholemodule;
				SWIFT_OPTIMIZATION_LEVEL = "-O";
				VALIDATE_PRODUCT = YES;
			};
			name = Release;
		};
		D72711BF27BFCA6500BAF164 /* Debug */ = {
			isa = XCBuildConfiguration;
			buildSettings = {
				ASSETCATALOG_COMPILER_APPICON_NAME = AppIcon;
				ASSETCATALOG_COMPILER_GLOBAL_ACCENT_COLOR_NAME = AccentColor;
				CODE_SIGN_STYLE = Automatic;
				CURRENT_PROJECT_VERSION = 1;
				DEVELOPMENT_TEAM = 7KFTL66425;
				GENERATE_INFOPLIST_FILE = YES;
				INFOPLIST_FILE = MultipleCustomCells/Info.plist;
				INFOPLIST_KEY_UIApplicationSupportsIndirectInputEvents = YES;
				INFOPLIST_KEY_UILaunchStoryboardName = LaunchScreen;
				INFOPLIST_KEY_UIMainStoryboardFile = Main;
				INFOPLIST_KEY_UISupportedInterfaceOrientations = UIInterfaceOrientationPortrait;
				INFOPLIST_KEY_UISupportedInterfaceOrientations_iPad = "UIInterfaceOrientationPortrait UIInterfaceOrientationPortraitUpsideDown UIInterfaceOrientationLandscapeLeft UIInterfaceOrientationLandscapeRight";
				INFOPLIST_KEY_UISupportedInterfaceOrientations_iPhone = "UIInterfaceOrientationPortrait UIInterfaceOrientationLandscapeLeft UIInterfaceOrientationLandscapeRight";
				LD_RUNPATH_SEARCH_PATHS = (
					"$(inherited)",
					"@executable_path/Frameworks",
				);
				MARKETING_VERSION = 1.0;
				PRODUCT_BUNDLE_IDENTIFIER = Home.MultipleCustomCells;
				PRODUCT_NAME = "$(TARGET_NAME)";
				SWIFT_EMIT_LOC_STRINGS = YES;
				SWIFT_VERSION = 5.0;
				TARGETED_DEVICE_FAMILY = "1,2";
			};
			name = Debug;
		};
		D72711C027BFCA6500BAF164 /* Release */ = {
			isa = XCBuildConfiguration;
			buildSettings = {
				ASSETCATALOG_COMPILER_APPICON_NAME = AppIcon;
				ASSETCATALOG_COMPILER_GLOBAL_ACCENT_COLOR_NAME = AccentColor;
				CODE_SIGN_STYLE = Automatic;
				CURRENT_PROJECT_VERSION = 1;
				DEVELOPMENT_TEAM = 7KFTL66425;
				GENERATE_INFOPLIST_FILE = YES;
				INFOPLIST_FILE = MultipleCustomCells/Info.plist;
				INFOPLIST_KEY_UIApplicationSupportsIndirectInputEvents = YES;
				INFOPLIST_KEY_UILaunchStoryboardName = LaunchScreen;
				INFOPLIST_KEY_UIMainStoryboardFile = Main;
				INFOPLIST_KEY_UISupportedInterfaceOrientations = UIInterfaceOrientationPortrait;
				INFOPLIST_KEY_UISupportedInterfaceOrientations_iPad = "UIInterfaceOrientationPortrait UIInterfaceOrientationPortraitUpsideDown UIInterfaceOrientationLandscapeLeft UIInterfaceOrientationLandscapeRight";
				INFOPLIST_KEY_UISupportedInterfaceOrientations_iPhone = "UIInterfaceOrientationPortrait UIInterfaceOrientationLandscapeLeft UIInterfaceOrientationLandscapeRight";
				LD_RUNPATH_SEARCH_PATHS = (
					"$(inherited)",
					"@executable_path/Frameworks",
				);
				MARKETING_VERSION = 1.0;
				PRODUCT_BUNDLE_IDENTIFIER = Home.MultipleCustomCells;
				PRODUCT_NAME = "$(TARGET_NAME)";
				SWIFT_EMIT_LOC_STRINGS = YES;
				SWIFT_VERSION = 5.0;
				TARGETED_DEVICE_FAMILY = "1,2";
			};
			name = Release;
		};
/* End XCBuildConfiguration section */

/* Begin XCConfigurationList section */
		D72711A527BFCA6400BAF164 /* Build configuration list for PBXProject "MultipleCustomCells" */ = {
			isa = XCConfigurationList;
			buildConfigurations = (
				D72711BC27BFCA6500BAF164 /* Debug */,
				D72711BD27BFCA6500BAF164 /* Release */,
			);
			defaultConfigurationIsVisible = 0;
			defaultConfigurationName = Release;
		};
		D72711BE27BFCA6500BAF164 /* Build configuration list for PBXNativeTarget "MultipleCustomCells" */ = {
			isa = XCConfigurationList;
			buildConfigurations = (
				D72711BF27BFCA6500BAF164 /* Debug */,
				D72711C027BFCA6500BAF164 /* Release */,
			);
			defaultConfigurationIsVisible = 0;
			defaultConfigurationName = Release;
		};
/* End XCConfigurationList section */
	};
	rootObject = D72711A227BFCA6400BAF164 /* Project object */;
}
